
Microsoft Visual Studio Solution File, Format Version 12.00
# Visual Studio 2012
Project("{FAE04EC0-301F-11D3-BF4B-00C04F79EFBC}") = "MonoDevelop.NuGetPackageExplorer", "MonoDevelop.NuGetPackageExplorer\MonoDevelop.NuGetPackageExplorer.csproj", "{B2E77ABA-651E-4772-AE33-ED0604E85A84}"
EndProject
Global
	GlobalSection(SolutionConfigurationPlatforms) = preSolution
		Debug|Any CPU = Debug|Any CPU
		Release|Any CPU = Release|Any CPU
	EndGlobalSection
	GlobalSection(ProjectConfigurationPlatforms) = postSolution
		{B2E77ABA-651E-4772-AE33-ED0604E85A84}.Debug|Any CPU.ActiveCfg = Debug|Any CPU
		{B2E77ABA-651E-4772-AE33-ED0604E85A84}.Debug|Any CPU.Build.0 = Debug|Any CPU
		{B2E77ABA-651E-4772-AE33-ED0604E85A84}.Release|Any CPU.ActiveCfg = Release|Any CPU
		{B2E77ABA-651E-4772-AE33-ED0604E85A84}.Release|Any CPU.Build.0 = Release|Any CPU
	EndGlobalSection
EndGlobal
